# This file is @generated by PDM.
# It is not intended for manual editing.

[metadata]
groups = ["default"]
strategy = ["cross_platform", "inherit_metadata"]
lock_version = "4.4.2"
content_hash = "sha256:f78b72e6ab1b0a39ee19847bfbeaea4a487badd795c2dba0948976019ec49c64"

[[package]]
name = "pyfiglet"
version = "1.0.2"
requires_python = ">=3.9"
summary = "Pure-python FIGlet implementation"
groups = ["default"]
files = [
    {file = "pyfiglet-1.0.2-py3-none-any.whl", hash = "sha256:889b351d79c99e50a3f619c8f8e6ffdb27fd8c939fc43ecbd7559bd57d5f93ea"},
    {file = "pyfiglet-1.0.2.tar.gz", hash = "sha256:758788018ab8faaddc0984e1ea05ff330d3c64be663c513cc1f105f6a3066dab"},
]
